// !$*UTF8*$!
{
	archiveVersion = 1;
	classes = {
	};
	objectVersion = 46;
	objects = {

/* Begin PBXBuildFile section */
		10D54613A25FB932B3EF7BF8 /* Pods_ProxyKitTestsiOS.framework in Frameworks */ = {isa = PBXBuildFile; fileRef = 4E2EF22923DEE9E3602B780A /* Pods_ProxyKitTestsiOS.framework */; };
		D9908E6D19791CA4009975FC /* Foundation.framework in Frameworks */ = {isa = PBXBuildFile; fileRef = D9908E2F197915FF009975FC /* Foundation.framework */; };
		D9908E7D19791F4B009975FC /* ProxyKitTests.m in Sources */ = {isa = PBXBuildFile; fileRef = D9908E7B19791F4B009975FC /* ProxyKitTests.m */; };
/* End PBXBuildFile section */

/* Begin PBXFileReference section */
		4CD9325CE93811FF15790E90 /* Pods-ProxyKitTestsiOS.debug.xcconfig */ = {isa = PBXFileReference; includeInIndex = 1; lastKnownFileType = text.xcconfig; name = "Pods-ProxyKitTestsiOS.debug.xcconfig"; path = "Pods/Target Support Files/Pods-ProxyKitTestsiOS/Pods-ProxyKitTestsiOS.debug.xcconfig"; sourceTree = "<group>"; };
		4E2EF22923DEE9E3602B780A /* Pods_ProxyKitTestsiOS.framework */ = {isa = PBXFileReference; explicitFileType = wrapper.framework; includeInIndex = 0; path = Pods_ProxyKitTestsiOS.framework; sourceTree = BUILT_PRODUCTS_DIR; };
		7F2FD373CFA2A48F2ED8FEB7 /* Pods-ProxyKitTestsiOS.release.xcconfig */ = {isa = PBXFileReference; includeInIndex = 1; lastKnownFileType = text.xcconfig; name = "Pods-ProxyKitTestsiOS.release.xcconfig"; path = "Pods/Target Support Files/Pods-ProxyKitTestsiOS/Pods-ProxyKitTestsiOS.release.xcconfig"; sourceTree = "<group>"; };
		D97536C41C6EA0D700365B8F /* Info.plist */ = {isa = PBXFileReference; fileEncoding = 4; lastKnownFileType = text.plist.xml; path = Info.plist; sourceTree = SOURCE_ROOT; };
		D9908E2F197915FF009975FC /* Foundation.framework */ = {isa = PBXFileReference; lastKnownFileType = wrapper.framework; name = Foundation.framework; path = System/Library/Frameworks/Foundation.framework; sourceTree = SDKROOT; };
		D9908E6B19791CA4009975FC /* ProxyKitTestsiOS.xctest */ = {isa = PBXFileReference; explicitFileType = wrapper.cfbundle; includeInIndex = 0; path = ProxyKitTestsiOS.xctest; sourceTree = BUILT_PRODUCTS_DIR; };
		D9908E7B19791F4B009975FC /* ProxyKitTests.m */ = {isa = PBXFileReference; fileEncoding = 4; lastKnownFileType = sourcecode.c.objc; name = ProxyKitTests.m; path = ../Shared/ProxyKitTests.m; sourceTree = SOURCE_ROOT; };
/* End PBXFileReference section */

/* Begin PBXFrameworksBuildPhase section */
		D9908E6819791CA4009975FC /* Frameworks */ = {
			isa = PBXFrameworksBuildPhase;
			buildActionMask = 2147483647;
			files = (
				D9908E6D19791CA4009975FC /* Foundation.framework in Frameworks */,
				10D54613A25FB932B3EF7BF8 /* Pods_ProxyKitTestsiOS.framework in Frameworks */,
			);
			runOnlyForDeploymentPostprocessing = 0;
		};
/* End PBXFrameworksBuildPhase section */

/* Begin PBXGroup section */
		69A67378866552597D52B27A /* Pods */ = {
			isa = PBXGroup;
			children = (
				4CD9325CE93811FF15790E90 /* Pods-ProxyKitTestsiOS.debug.xcconfig */,
				7F2FD373CFA2A48F2ED8FEB7 /* Pods-ProxyKitTestsiOS.release.xcconfig */,
			);
			name = Pods;
			sourceTree = "<group>";
		};
		D9908E23197915FF009975FC = {
			isa = PBXGroup;
			children = (
				D9908E5B19791C84009975FC /* ProxyKitTests */,
				D9908E2E197915FF009975FC /* Frameworks */,
				D9908E2D197915FF009975FC /* Products */,
				69A67378866552597D52B27A /* Pods */,
			);
			sourceTree = "<group>";
		};
		D9908E2D197915FF009975FC /* Products */ = {
			isa = PBXGroup;
			children = (
				D9908E6B19791CA4009975FC /* ProxyKitTestsiOS.xctest */,
			);
			name = Products;
			sourceTree = "<group>";
		};
		D9908E2E197915FF009975FC /* Frameworks */ = {
			isa = PBXGroup;
			children = (
				D9908E2F197915FF009975FC /* Foundation.framework */,
				4E2EF22923DEE9E3602B780A /* Pods_ProxyKitTestsiOS.framework */,
			);
			name = Frameworks;
			sourceTree = "<group>";
		};
		D9908E5B19791C84009975FC /* ProxyKitTests */ = {
			isa = PBXGroup;
			children = (
				D9908E7B19791F4B009975FC /* ProxyKitTests.m */,
				D9908E5C19791C84009975FC /* Supporting Files */,
			);
			name = ProxyKitTests;
			path = ProxyKitTests/Mac;
			sourceTree = "<group>";
		};
		D9908E5C19791C84009975FC /* Supporting Files */ = {
			isa = PBXGroup;
			children = (
				D97536C41C6EA0D700365B8F /* Info.plist */,
			);
			name = "Supporting Files";
			sourceTree = "<group>";
		};
/* End PBXGroup section */

/* Begin PBXNativeTarget section */
		D9908E6A19791CA4009975FC /* ProxyKitTestsiOS */ = {
			isa = PBXNativeTarget;
			buildConfigurationList = D9908E7819791CA4009975FC /* Build configuration list for PBXNativeTarget "ProxyKitTestsiOS" */;
			buildPhases = (
				EDCB741F618CB793B8104703 /* [CP] Check Pods Manifest.lock */,
				D9908E6719791CA4009975FC /* Sources */,
				D9908E6819791CA4009975FC /* Frameworks */,
				D9908E6919791CA4009975FC /* Resources */,
				4F4568574AE2EE764365A3E4 /* [CP] Embed Pods Frameworks */,
				E8786210FD54CDA662F993FE /* [CP] Copy Pods Resources */,
			);
			buildRules = (
			);
			dependencies = (
			);
			name = ProxyKitTestsiOS;
			productName = ProxyKitTestsiOS;
			productReference = D9908E6B19791CA4009975FC /* ProxyKitTestsiOS.xctest */;
			productType = "com.apple.product-type.bundle.unit-test";
		};
/* End PBXNativeTarget section */

/* Begin PBXProject section */
		D9908E24197915FF009975FC /* Project object */ = {
			isa = PBXProject;
			attributes = {
				LastUpgradeCheck = 0820;
				ORGANIZATIONNAME = "Christopher Ballinger";
			};
			buildConfigurationList = D9908E27197915FF009975FC /* Build configuration list for PBXProject "ProxyKit" */;
			compatibilityVersion = "Xcode 3.2";
			developmentRegion = English;
			hasScannedForEncodings = 0;
			knownRegions = (
				en,
			);
			mainGroup = D9908E23197915FF009975FC;
			productRefGroup = D9908E2D197915FF009975FC /* Products */;
			projectDirPath = "";
			projectRoot = "";
			targets = (
				D9908E6A19791CA4009975FC /* ProxyKitTestsiOS */,
			);
		};
/* End PBXProject section */

/* Begin PBXResourcesBuildPhase section */
		D9908E6919791CA4009975FC /* Resources */ = {
			isa = PBXResourcesBuildPhase;
			buildActionMask = 2147483647;
			files = (
			);
			runOnlyForDeploymentPostprocessing = 0;
		};
/* End PBXResourcesBuildPhase section */

/* Begin PBXShellScriptBuildPhase section */
		4F4568574AE2EE764365A3E4 /* [CP] Embed Pods Frameworks */ = {
			isa = PBXShellScriptBuildPhase;
			buildActionMask = 2147483647;
			files = (
			);
			inputPaths = (
			);
			name = "[CP] Embed Pods Frameworks";
			outputPaths = (
			);
			runOnlyForDeploymentPostprocessing = 0;
			shellPath = /bin/sh;
			shellScript = "\"${SRCROOT}/Pods/Target Support Files/Pods-ProxyKitTestsiOS/Pods-ProxyKitTestsiOS-frameworks.sh\"\n";
			showEnvVarsInLog = 0;
		};
		E8786210FD54CDA662F993FE /* [CP] Copy Pods Resources */ = {
			isa = PBXShellScriptBuildPhase;
			buildActionMask = 2147483647;
			files = (
			);
			inputPaths = (
			);
			name = "[CP] Copy Pods Resources";
			outputPaths = (
			);
			runOnlyForDeploymentPostprocessing = 0;
			shellPath = /bin/sh;
			shellScript = "\"${SRCROOT}/Pods/Target Support Files/Pods-ProxyKitTestsiOS/Pods-ProxyKitTestsiOS-resources.sh\"\n";
			showEnvVarsInLog = 0;
		};
		EDCB741F618CB793B8104703 /* [CP] Check Pods Manifest.lock */ = {
			isa = PBXShellScriptBuildPhase;
			buildActionMask = 2147483647;
			files = (
			);
			inputPaths = (
			);
			name = "[CP] Check Pods Manifest.lock";
			outputPaths = (
			);
			runOnlyForDeploymentPostprocessing = 0;
			shellPath = /bin/sh;
			shellScript = "diff \"${PODS_ROOT}/../Podfile.lock\" \"${PODS_ROOT}/Manifest.lock\" > /dev/null\nif [ $? != 0 ] ; then\n    # print error to STDERR\n    echo \"error: The sandbox is not in sync with the Podfile.lock. Run 'pod install' or update your CocoaPods installation.\" >&2\n    exit 1\nfi\n";
			showEnvVarsInLog = 0;
		};
/* End PBXShellScriptBuildPhase section */

/* Begin PBXSourcesBuildPhase section */
		D9908E6719791CA4009975FC /* Sources */ = {
			isa = PBXSourcesBuildPhase;
			buildActionMask = 2147483647;
			files = (
				D9908E7D19791F4B009975FC /* ProxyKitTests.m in Sources */,
			);
			runOnlyForDeploymentPostprocessing = 0;
		};
/* End PBXSourcesBuildPhase section */

/* Begin XCBuildConfiguration section */
		D9908E4D197915FF009975FC /* Debug */ = {
			isa = XCBuildConfiguration;
			buildSettings = {
				ALWAYS_SEARCH_USER_PATHS = NO;
				CLANG_CXX_LANGUAGE_STANDARD = "gnu++0x";
				CLANG_CXX_LIBRARY = "libc++";
				CLANG_ENABLE_MODULES = YES;
				CLANG_ENABLE_OBJC_ARC = YES;
				CLANG_WARN_BOOL_CONVERSION = YES;
				CLANG_WARN_CONSTANT_CONVERSION = YES;
				CLANG_WARN_DIRECT_OBJC_ISA_USAGE = YES_ERROR;
				CLANG_WARN_EMPTY_BODY = YES;
				CLANG_WARN_ENUM_CONVERSION = YES;
				CLANG_WARN_INFINITE_RECURSION = YES;
				CLANG_WARN_INT_CONVERSION = YES;
				CLANG_WARN_OBJC_ROOT_CLASS = YES_ERROR;
				CLANG_WARN_SUSPICIOUS_MOVE = YES;
				CLANG_WARN_UNREACHABLE_CODE = YES;
				CLANG_WARN__DUPLICATE_METHOD_MATCH = YES;
				COPY_PHASE_STRIP = NO;
				ENABLE_STRICT_OBJC_MSGSEND = YES;
				ENABLE_TESTABILITY = YES;
				GCC_C_LANGUAGE_STANDARD = gnu99;
				GCC_DYNAMIC_NO_PIC = NO;
				GCC_NO_COMMON_BLOCKS = YES;
				GCC_OPTIMIZATION_LEVEL = 0;
				GCC_PREPROCESSOR_DEFINITIONS = (
					"DEBUG=1",
					"$(inherited)",
				);
				GCC_SYMBOLS_PRIVATE_EXTERN = NO;
				GCC_WARN_64_TO_32_BIT_CONVERSION = YES;
				GCC_WARN_ABOUT_RETURN_TYPE = YES_ERROR;
				GCC_WARN_UNDECLARED_SELECTOR = YES;
				GCC_WARN_UNINITIALIZED_AUTOS = YES_AGGRESSIVE;
				GCC_WARN_UNUSED_FUNCTION = YES;
				GCC_WARN_UNUSED_VARIABLE = YES;
				IPHONEOS_DEPLOYMENT_TARGET = 8.0;
				MACOSX_DEPLOYMENT_TARGET = 10.9;
				ONLY_ACTIVE_ARCH = YES;
				SDKROOT = iphoneos;
			};
			name = Debug;
		};
		D9908E4E197915FF009975FC /* Release */ = {
			isa = XCBuildConfiguration;
			buildSettings = {
				ALWAYS_SEARCH_USER_PATHS = NO;
				CLANG_CXX_LANGUAGE_STANDARD = "gnu++0x";
				CLANG_CXX_LIBRARY = "libc++";
				CLANG_ENABLE_MODULES = YES;
				CLANG_ENABLE_OBJC_ARC = YES;
				CLANG_WARN_BOOL_CONVERSION = YES;
				CLANG_WARN_CONSTANT_CONVERSION = YES;
				CLANG_WARN_DIRECT_OBJC_ISA_USAGE = YES_ERROR;
				CLANG_WARN_EMPTY_BODY = YES;
				CLANG_WARN_ENUM_CONVERSION = YES;
				CLANG_WARN_INFINITE_RECURSION = YES;
				CLANG_WARN_INT_CONVERSION = YES;
				CLANG_WARN_OBJC_ROOT_CLASS = YES_ERROR;
				CLANG_WARN_SUSPICIOUS_MOVE = YES;
				CLANG_WARN_UNREACHABLE_CODE = YES;
				CLANG_WARN__DUPLICATE_METHOD_MATCH = YES;
				COPY_PHASE_STRIP = YES;
				ENABLE_NS_ASSERTIONS = NO;
				ENABLE_STRICT_OBJC_MSGSEND = YES;
				GCC_C_LANGUAGE_STANDARD = gnu99;
				GCC_NO_COMMON_BLOCKS = YES;
				GCC_WARN_64_TO_32_BIT_CONVERSION = YES;
				GCC_WARN_ABOUT_RETURN_TYPE = YES_ERROR;
				GCC_WARN_UNDECLARED_SELECTOR = YES;
				GCC_WARN_UNINITIALIZED_AUTOS = YES_AGGRESSIVE;
				GCC_WARN_UNUSED_FUNCTION = YES;
				GCC_WARN_UNUSED_VARIABLE = YES;
				IPHONEOS_DEPLOYMENT_TARGET = 8.0;
				MACOSX_DEPLOYMENT_TARGET = 10.9;
				SDKROOT = iphoneos;
				VALIDATE_PRODUCT = YES;
			};
			name = Release;
		};
		D9908E7919791CA4009975FC /* Debug */ = {
			isa = XCBuildConfiguration;
			baseConfigurationReference = 4CD9325CE93811FF15790E90 /* Pods-ProxyKitTestsiOS.debug.xcconfig */;
			buildSettings = {
				FRAMEWORK_SEARCH_PATHS = (
					"$(SDKROOT)/Developer/Library/Frameworks",
					"$(inherited)",
					"$(DEVELOPER_FRAMEWORKS_DIR)",
				);
				GCC_PREPROCESSOR_DEFINITIONS = (
					"DEBUG=1",
					"$(inherited)",
				);
				HEADER_SEARCH_PATHS = "$(SRCROOT)/Pods/Headers/**";
				INFOPLIST_FILE = Info.plist;
				PRODUCT_BUNDLE_IDENTIFIER = "com.chrisballinger.${PRODUCT_NAME:rfc1034identifier}";
				PRODUCT_NAME = "$(TARGET_NAME)";
				WRAPPER_EXTENSION = xctest;
			};
			name = Debug;
		};
		D9908E7A19791CA4009975FC /* Release */ = {
			isa = XCBuildConfiguration;
			baseConfigurationReference = 7F2FD373CFA2A48F2ED8FEB7 /* Pods-ProxyKitTestsiOS.release.xcconfig */;
			buildSettings = {
				FRAMEWORK_SEARCH_PATHS = (
					"$(SDKROOT)/Developer/Library/Frameworks",
					"$(inherited)",
					"$(DEVELOPER_FRAMEWORKS_DIR)",
				);
				HEADER_SEARCH_PATHS = "$(SRCROOT)/Pods/Headers/**";
				INFOPLIST_FILE = Info.plist;
				PRODUCT_BUNDLE_IDENTIFIER = "com.chrisballinger.${PRODUCT_NAME:rfc1034identifier}";
				PRODUCT_NAME = "$(TARGET_NAME)";
				WRAPPER_EXTENSION = xctest;
			};
			name = Release;
		};
/* End XCBuildConfiguration section */

/* Begin XCConfigurationList section */
		D9908E27197915FF009975FC /* Build configuration list for PBXProject "ProxyKit" */ = {
			isa = XCConfigurationList;
			buildConfigurations = (
				D9908E4D197915FF009975FC /* Debug */,
				D9908E4E197915FF009975FC /* Release */,
			);
			defaultConfigurationIsVisible = 0;
			defaultConfigurationName = Release;
		};
		D9908E7819791CA4009975FC /* Build configuration list for PBXNativeTarget "ProxyKitTestsiOS" */ = {
			isa = XCConfigurationList;
			buildConfigurations = (
				D9908E7919791CA4009975FC /* Debug */,
				D9908E7A19791CA4009975FC /* Release */,
			);
			defaultConfigurationIsVisible = 0;
			defaultConfigurationName = Release;
		};
/* End XCConfigurationList section */
	};
	rootObject = D9908E24197915FF009975FC /* Project object */;
}
